// !$*UTF8*$!
{
	archiveVersion = 1;
	classes = {
	};
	objectVersion = 46;
	objects = {

/* Begin PBXBuildFile section */
		A9E522A2860616ED1787BBEB /* Pods_CloudAndCamera.framework in Frameworks */ = {isa = PBXBuildFile; fileRef = B097F1717F39674242BA5F52 /* Pods_CloudAndCamera.framework */; };
		AA3E966A1EE9E7A00094EA9E /* CustomCell.swift in Sources */ = {isa = PBXBuildFile; fileRef = AA3E96691EE9E7A00094EA9E /* CustomCell.swift */; };
		AA45E7781EF9CF350079A4E2 /* DAO.swift in Sources */ = {isa = PBXBuildFile; fileRef = AA45E7771EF9CF350079A4E2 /* DAO.swift */; };
		AA57362F1EE861670076D64A /* AppDelegate.swift in Sources */ = {isa = PBXBuildFile; fileRef = AA57362E1EE861670076D64A /* AppDelegate.swift */; };
		AA5736361EE861670076D64A /* Assets.xcassets in Resources */ = {isa = PBXBuildFile; fileRef = AA5736351EE861670076D64A /* Assets.xcassets */; };
		AA5736411EE87FAF0076D64A /* GoogleService-Info.plist in Resources */ = {isa = PBXBuildFile; fileRef = AA5736401EE87FAF0076D64A /* GoogleService-Info.plist */; };
		AA67907C1EEB41D500369BF4 /* CustomTableViewCell.swift in Sources */ = {isa = PBXBuildFile; fileRef = AA67907B1EEB41D500369BF4 /* CustomTableViewCell.swift */; };
		AA9765201EEF292000BBC54B /* SignInVC.swift in Sources */ = {isa = PBXBuildFile; fileRef = AA97651F1EEF292000BBC54B /* SignInVC.swift */; };
		AA9765221EEF2E2500BBC54B /* SignUpVC.swift in Sources */ = {isa = PBXBuildFile; fileRef = AA9765211EEF2E2500BBC54B /* SignUpVC.swift */; };
		AA9765271EF03B8600BBC54B /* Home.storyboard in Resources */ = {isa = PBXBuildFile; fileRef = AA9765261EF03B8600BBC54B /* Home.storyboard */; };
		AAB1828D1EF1D992002FB431 /* AuthServices.swift in Sources */ = {isa = PBXBuildFile; fileRef = AAB1828C1EF1D992002FB431 /* AuthServices.swift */; };
		AAB1828F1EF1EB68002FB431 /* Config.swift in Sources */ = {isa = PBXBuildFile; fileRef = AAB1828E1EF1EB68002FB431 /* Config.swift */; };
		AAB182941EF2D7EA002FB431 /* ProgressHUD.bundle in Resources */ = {isa = PBXBuildFile; fileRef = AAB182911EF2D7EA002FB431 /* ProgressHUD.bundle */; };
		AAB182951EF2D7EA002FB431 /* ProgressHUD.m in Sources */ = {isa = PBXBuildFile; fileRef = AAB182931EF2D7EA002FB431 /* ProgressHUD.m */; };
		AAB182971EF2E9EE002FB431 /* Detail.storyboard in Resources */ = {isa = PBXBuildFile; fileRef = AAB182961EF2E9EE002FB431 /* Detail.storyboard */; };
		AAB1829B1EF3186D002FB431 /* ShareVC.swift in Sources */ = {isa = PBXBuildFile; fileRef = AAB1829A1EF3186D002FB431 /* ShareVC.swift */; };
		AAB182A51EF33631002FB431 /* Comment.swift in Sources */ = {isa = PBXBuildFile; fileRef = AAB182A41EF33631002FB431 /* Comment.swift */; };
		AACBCB9A1EE897AA006B80AD /* CollectionVC.swift in Sources */ = {isa = PBXBuildFile; fileRef = AACBCB991EE897AA006B80AD /* CollectionVC.swift */; };
		AACBCB9C1EE897BD006B80AD /* DetailVC.swift in Sources */ = {isa = PBXBuildFile; fileRef = AACBCB9B1EE897BD006B80AD /* DetailVC.swift */; };
		AACBCB9E1EE897DB006B80AD /* LibraryAndCameraVC.swift in Sources */ = {isa = PBXBuildFile; fileRef = AACBCB9D1EE897DB006B80AD /* LibraryAndCameraVC.swift */; };
		AAF269531EF816BE001A8037 /* Start.storyboard in Resources */ = {isa = PBXBuildFile; fileRef = AA9765231EF0377F00BBC54B /* Start.storyboard */; };
		AAF269541EF816C6001A8037 /* Main.storyboard in Resources */ = {isa = PBXBuildFile; fileRef = AA5736321EE861670076D64A /* Main.storyboard */; };
		AAF269551EF816CB001A8037 /* Camera.storyboard in Resources */ = {isa = PBXBuildFile; fileRef = AA9765281EF03D2700BBC54B /* Camera.storyboard */; };
		AAF269561EF816D1001A8037 /* Share.storyboard in Resources */ = {isa = PBXBuildFile; fileRef = AAB1829C1EF3244B002FB431 /* Share.storyboard */; };
		AAF269571EF816D7001A8037 /* LaunchScreen.storyboard in Resources */ = {isa = PBXBuildFile; fileRef = AA5736371EE861670076D64A /* LaunchScreen.storyboard */; };
/* End PBXBuildFile section */

/* Begin PBXFileReference section */
		32BC334AEBE948F5E81A2DFD /* Pods-CloudAndCamera.debug.xcconfig */ = {isa = PBXFileReference; includeInIndex = 1; lastKnownFileType = text.xcconfig; name = "Pods-CloudAndCamera.debug.xcconfig"; path = "Pods/Target Support Files/Pods-CloudAndCamera/Pods-CloudAndCamera.debug.xcconfig"; sourceTree = "<group>"; };
		56A9407676418E66944D1A64 /* Pods-CloudAndCamera.release.xcconfig */ = {isa = PBXFileReference; includeInIndex = 1; lastKnownFileType = text.xcconfig; name = "Pods-CloudAndCamera.release.xcconfig"; path = "Pods/Target Support Files/Pods-CloudAndCamera/Pods-CloudAndCamera.release.xcconfig"; sourceTree = "<group>"; };
		AA3E96691EE9E7A00094EA9E /* CustomCell.swift */ = {isa = PBXFileReference; fileEncoding = 4; lastKnownFileType = sourcecode.swift; path = CustomCell.swift; sourceTree = "<group>"; };
		AA45E7771EF9CF350079A4E2 /* DAO.swift */ = {isa = PBXFileReference; fileEncoding = 4; lastKnownFileType = sourcecode.swift; path = DAO.swift; sourceTree = "<group>"; };
		AA57362B1EE861670076D64A /* CloudAndCamera.app */ = {isa = PBXFileReference; explicitFileType = wrapper.application; includeInIndex = 0; path = CloudAndCamera.app; sourceTree = BUILT_PRODUCTS_DIR; };
		AA57362E1EE861670076D64A /* AppDelegate.swift */ = {isa = PBXFileReference; lastKnownFileType = sourcecode.swift; path = AppDelegate.swift; sourceTree = "<group>"; };
		AA5736331EE861670076D64A /* Base */ = {isa = PBXFileReference; lastKnownFileType = file.storyboard; name = Base; path = Base.lproj/Main.storyboard; sourceTree = "<group>"; };
		AA5736351EE861670076D64A /* Assets.xcassets */ = {isa = PBXFileReference; lastKnownFileType = folder.assetcatalog; path = Assets.xcassets; sourceTree = "<group>"; };
		AA5736381EE861670076D64A /* Base */ = {isa = PBXFileReference; lastKnownFileType = file.storyboard; name = Base; path = Base.lproj/LaunchScreen.storyboard; sourceTree = "<group>"; };
		AA57363A1EE861670076D64A /* Info.plist */ = {isa = PBXFileReference; lastKnownFileType = text.plist.xml; path = Info.plist; sourceTree = "<group>"; };
		AA5736401EE87FAF0076D64A /* GoogleService-Info.plist */ = {isa = PBXFileReference; fileEncoding = 4; lastKnownFileType = text.plist.xml; name = "GoogleService-Info.plist"; path = "../../../../Downloads/GoogleService-Info.plist"; sourceTree = "<group>"; };
		AA67907B1EEB41D500369BF4 /* CustomTableViewCell.swift */ = {isa = PBXFileReference; fileEncoding = 4; lastKnownFileType = sourcecode.swift; path = CustomTableViewCell.swift; sourceTree = "<group>"; };
		AA97651F1EEF292000BBC54B /* SignInVC.swift */ = {isa = PBXFileReference; fileEncoding = 4; lastKnownFileType = sourcecode.swift; path = SignInVC.swift; sourceTree = "<group>"; };
		AA9765211EEF2E2500BBC54B /* SignUpVC.swift */ = {isa = PBXFileReference; fileEncoding = 4; lastKnownFileType = sourcecode.swift; path = SignUpVC.swift; sourceTree = "<group>"; };
		AA9765241EF0377F00BBC54B /* Base */ = {isa = PBXFileReference; lastKnownFileType = file.storyboard; name = Base; path = Base.lproj/Start.storyboard; sourceTree = "<group>"; };
		AA9765261EF03B8600BBC54B /* Home.storyboard */ = {isa = PBXFileReference; fileEncoding = 4; lastKnownFileType = file.storyboard; path = Home.storyboard; sourceTree = "<group>"; };
		AA9765291EF03D2700BBC54B /* Base */ = {isa = PBXFileReference; lastKnownFileType = file.storyboard; name = Base; path = Base.lproj/Camera.storyboard; sourceTree = "<group>"; };
		AAB1828C1EF1D992002FB431 /* AuthServices.swift */ = {isa = PBXFileReference; fileEncoding = 4; lastKnownFileType = sourcecode.swift; path = AuthServices.swift; sourceTree = "<group>"; };
		AAB1828E1EF1EB68002FB431 /* Config.swift */ = {isa = PBXFileReference; fileEncoding = 4; lastKnownFileType = sourcecode.swift; path = Config.swift; sourceTree = "<group>"; };
		AAB182901EF2D7E9002FB431 /* CloudAndCamera-Bridging-Header.h */ = {isa = PBXFileReference; lastKnownFileType = sourcecode.c.h; path = "CloudAndCamera-Bridging-Header.h"; sourceTree = "<group>"; };
		AAB182911EF2D7EA002FB431 /* ProgressHUD.bundle */ = {isa = PBXFileReference; lastKnownFileType = "wrapper.plug-in"; path = ProgressHUD.bundle; sourceTree = "<group>"; };
		AAB182921EF2D7EA002FB431 /* ProgressHUD.h */ = {isa = PBXFileReference; fileEncoding = 4; lastKnownFileType = sourcecode.c.h; path = ProgressHUD.h; sourceTree = "<group>"; };
		AAB182931EF2D7EA002FB431 /* ProgressHUD.m */ = {isa = PBXFileReference; fileEncoding = 4; lastKnownFileType = sourcecode.c.objc; path = ProgressHUD.m; sourceTree = "<group>"; };
		AAB182961EF2E9EE002FB431 /* Detail.storyboard */ = {isa = PBXFileReference; fileEncoding = 4; lastKnownFileType = file.storyboard; path = Detail.storyboard; sourceTree = "<group>"; };
		AAB1829A1EF3186D002FB431 /* ShareVC.swift */ = {isa = PBXFileReference; fileEncoding = 4; lastKnownFileType = sourcecode.swift; path = ShareVC.swift; sourceTree = "<group>"; };
		AAB1829D1EF3244B002FB431 /* Base */ = {isa = PBXFileReference; lastKnownFileType = file.storyboard; name = Base; path = Base.lproj/Share.storyboard; sourceTree = "<group>"; };
		AAB182A41EF33631002FB431 /* Comment.swift */ = {isa = PBXFileReference; fileEncoding = 4; lastKnownFileType = sourcecode.swift; path = Comment.swift; sourceTree = "<group>"; };
		AACBCB991EE897AA006B80AD /* CollectionVC.swift */ = {isa = PBXFileReference; fileEncoding = 4; lastKnownFileType = sourcecode.swift; path = CollectionVC.swift; sourceTree = "<group>"; };
		AACBCB9B1EE897BD006B80AD /* DetailVC.swift */ = {isa = PBXFileReference; fileEncoding = 4; lastKnownFileType = sourcecode.swift; path = DetailVC.swift; sourceTree = "<group>"; };
		AACBCB9D1EE897DB006B80AD /* LibraryAndCameraVC.swift */ = {isa = PBXFileReference; fileEncoding = 4; lastKnownFileType = sourcecode.swift; path = LibraryAndCameraVC.swift; sourceTree = "<group>"; };
		B097F1717F39674242BA5F52 /* Pods_CloudAndCamera.framework */ = {isa = PBXFileReference; explicitFileType = wrapper.framework; includeInIndex = 0; path = Pods_CloudAndCamera.framework; sourceTree = BUILT_PRODUCTS_DIR; };
/* End PBXFileReference section */

/* Begin PBXFrameworksBuildPhase section */
		AA5736281EE861670076D64A /* Frameworks */ = {
			isa = PBXFrameworksBuildPhase;
			buildActionMask = 2147483647;
			files = (
				A9E522A2860616ED1787BBEB /* Pods_CloudAndCamera.framework in Frameworks */,
			);
			runOnlyForDeploymentPostprocessing = 0;
		};
/* End PBXFrameworksBuildPhase section */

/* Begin PBXGroup section */
		0C74F0297D04C9C2E347CBFC /* Pods */ = {
			isa = PBXGroup;
			children = (
				32BC334AEBE948F5E81A2DFD /* Pods-CloudAndCamera.debug.xcconfig */,
				56A9407676418E66944D1A64 /* Pods-CloudAndCamera.release.xcconfig */,
			);
			name = Pods;
			sourceTree = "<group>";
		};
		3BDA12CC64292F7BCBCF0FD3 /* Frameworks */ = {
			isa = PBXGroup;
			children = (
				B097F1717F39674242BA5F52 /* Pods_CloudAndCamera.framework */,
			);
			name = Frameworks;
			sourceTree = "<group>";
		};
		AA5736221EE861670076D64A = {
			isa = PBXGroup;
			children = (
				AA57362D1EE861670076D64A /* CloudAndCamera */,
				AA57362C1EE861670076D64A /* Products */,
				0C74F0297D04C9C2E347CBFC /* Pods */,
				3BDA12CC64292F7BCBCF0FD3 /* Frameworks */,
			);
			sourceTree = "<group>";
		};
		AA57362C1EE861670076D64A /* Products */ = {
			isa = PBXGroup;
			children = (
				AA57362B1EE861670076D64A /* CloudAndCamera.app */,
			);
			name = Products;
			sourceTree = "<group>";
		};
		AA57362D1EE861670076D64A /* CloudAndCamera */ = {
			isa = PBXGroup;
			children = (
				AA57362E1EE861670076D64A /* AppDelegate.swift */,
				AAB1828E1EF1EB68002FB431 /* Config.swift */,
				AAB1828C1EF1D992002FB431 /* AuthServices.swift */,
				AA45E7771EF9CF350079A4E2 /* DAO.swift */,
				AAB1829F1EF3333F002FB431 /* Models */,
				AAB182891EF051C6002FB431 /* ViewControllers */,
				AAB182881EF051A6002FB431 /* Storyboards */,
				AA5736351EE861670076D64A /* Assets.xcassets */,
				AA5736371EE861670076D64A /* LaunchScreen.storyboard */,
				AA57363A1EE861670076D64A /* Info.plist */,
				AA5736401EE87FAF0076D64A /* GoogleService-Info.plist */,
				AAB182911EF2D7EA002FB431 /* ProgressHUD.bundle */,
				AAB182921EF2D7EA002FB431 /* ProgressHUD.h */,
				AAB182931EF2D7EA002FB431 /* ProgressHUD.m */,
				AAB182901EF2D7E9002FB431 /* CloudAndCamera-Bridging-Header.h */,
			);
			path = CloudAndCamera;
			sourceTree = "<group>";
		};
		AAB182881EF051A6002FB431 /* Storyboards */ = {
			isa = PBXGroup;
			children = (
				AA9765231EF0377F00BBC54B /* Start.storyboard */,
				AA5736321EE861670076D64A /* Main.storyboard */,
				AA9765261EF03B8600BBC54B /* Home.storyboard */,
				AAB182961EF2E9EE002FB431 /* Detail.storyboard */,
				AA9765281EF03D2700BBC54B /* Camera.storyboard */,
				AAB1829C1EF3244B002FB431 /* Share.storyboard */,
			);
			name = Storyboards;
			sourceTree = "<group>";
		};
		AAB182891EF051C6002FB431 /* ViewControllers */ = {
			isa = PBXGroup;
			children = (
				AACBCB991EE897AA006B80AD /* CollectionVC.swift */,
				AACBCB9B1EE897BD006B80AD /* DetailVC.swift */,
				AACBCB9D1EE897DB006B80AD /* LibraryAndCameraVC.swift */,
				AAB1829A1EF3186D002FB431 /* ShareVC.swift */,
				AA97651F1EEF292000BBC54B /* SignInVC.swift */,
				AA9765211EEF2E2500BBC54B /* SignUpVC.swift */,
			);
			name = ViewControllers;
			sourceTree = "<group>";
		};
		AAB1829F1EF3333F002FB431 /* Models */ = {
			isa = PBXGroup;
			children = (
				AAB182A41EF33631002FB431 /* Comment.swift */,
				AA3E96691EE9E7A00094EA9E /* CustomCell.swift */,
				AA67907B1EEB41D500369BF4 /* CustomTableViewCell.swift */,
			);
			name = Models;
			sourceTree = "<group>";
		};
/* End PBXGroup section */

/* Begin PBXNativeTarget section */
		AA57362A1EE861670076D64A /* CloudAndCamera */ = {
			isa = PBXNativeTarget;
			buildConfigurationList = AA57363D1EE861670076D64A /* Build configuration list for PBXNativeTarget "CloudAndCamera" */;
			buildPhases = (
				935BDBE64C74D950ED398474 /* [CP] Check Pods Manifest.lock */,
				AA5736271EE861670076D64A /* Sources */,
				AA5736281EE861670076D64A /* Frameworks */,
				AA5736291EE861670076D64A /* Resources */,
				F97E326AFCB5D2CE2DDC6B67 /* [CP] Embed Pods Frameworks */,
				4C1E339B4A316E7A4FAA2999 /* [CP] Copy Pods Resources */,
			);
			buildRules = (
			);
			dependencies = (
			);
			name = CloudAndCamera;
			productName = CloudAndCamera;
			productReference = AA57362B1EE861670076D64A /* CloudAndCamera.app */;
			productType = "com.apple.product-type.application";
		};
/* End PBXNativeTarget section */

/* Begin PBXProject section */
		AA5736231EE861670076D64A /* Project object */ = {
			isa = PBXProject;
			attributes = {
				LastSwiftUpdateCheck = 0830;
				LastUpgradeCheck = 0830;
				ORGANIZATIONNAME = "George Correa";
				TargetAttributes = {
					AA57362A1EE861670076D64A = {
						CreatedOnToolsVersion = 8.3.2;
						DevelopmentTeam = 5P88HHTNS2;
						LastSwiftMigration = 0830;
						ProvisioningStyle = Automatic;
					};
				};
			};
			buildConfigurationList = AA5736261EE861670076D64A /* Build configuration list for PBXProject "CloudAndCamera" */;
			compatibilityVersion = "Xcode 3.2";
			developmentRegion = English;
			hasScannedForEncodings = 0;
			knownRegions = (
				en,
				Base,
			);
			mainGroup = AA5736221EE861670076D64A;
			productRefGroup = AA57362C1EE861670076D64A /* Products */;
			projectDirPath = "";
			projectRoot = "";
			targets = (
				AA57362A1EE861670076D64A /* CloudAndCamera */,
			);
		};
/* End PBXProject section */

/* Begin PBXResourcesBuildPhase section */
		AA5736291EE861670076D64A /* Resources */ = {
			isa = PBXResourcesBuildPhase;
			buildActionMask = 2147483647;
			files = (
				AAF269571EF816D7001A8037 /* LaunchScreen.storyboard in Resources */,
				AAF269561EF816D1001A8037 /* Share.storyboard in Resources */,
				AAF269551EF816CB001A8037 /* Camera.storyboard in Resources */,
				AAF269541EF816C6001A8037 /* Main.storyboard in Resources */,
				AAF269531EF816BE001A8037 /* Start.storyboard in Resources */,
				AAB182941EF2D7EA002FB431 /* ProgressHUD.bundle in Resources */,
				AAB182971EF2E9EE002FB431 /* Detail.storyboard in Resources */,
				AA5736411EE87FAF0076D64A /* GoogleService-Info.plist in Resources */,
				AA9765271EF03B8600BBC54B /* Home.storyboard in Resources */,
				AA5736361EE861670076D64A /* Assets.xcassets in Resources */,
			);
			runOnlyForDeploymentPostprocessing = 0;
		};
/* End PBXResourcesBuildPhase section */

/* Begin PBXShellScriptBuildPhase section */
		4C1E339B4A316E7A4FAA2999 /* [CP] Copy Pods Resources */ = {
			isa = PBXShellScriptBuildPhase;
			buildActionMask = 2147483647;
			files = (
			);
			inputPaths = (
			);
			name = "[CP] Copy Pods Resources";
			outputPaths = (
			);
			runOnlyForDeploymentPostprocessing = 0;
			shellPath = /bin/sh;
			shellScript = "\"${SRCROOT}/Pods/Target Support Files/Pods-CloudAndCamera/Pods-CloudAndCamera-resources.sh\"\n";
			showEnvVarsInLog = 0;
		};
		935BDBE64C74D950ED398474 /* [CP] Check Pods Manifest.lock */ = {
			isa = PBXShellScriptBuildPhase;
			buildActionMask = 2147483647;
			files = (
			);
			inputPaths = (
			);
			name = "[CP] Check Pods Manifest.lock";
			outputPaths = (
			);
			runOnlyForDeploymentPostprocessing = 0;
			shellPath = /bin/sh;
			shellScript = "diff \"${PODS_PODFILE_DIR_PATH}/Podfile.lock\" \"${PODS_ROOT}/Manifest.lock\" > /dev/null\nif [ $? != 0 ] ; then\n    # print error to STDERR\n    echo \"error: The sandbox is not in sync with the Podfile.lock. Run 'pod install' or update your CocoaPods installation.\" >&2\n    exit 1\nfi\n";
			showEnvVarsInLog = 0;
		};
		F97E326AFCB5D2CE2DDC6B67 /* [CP] Embed Pods Frameworks */ = {
			isa = PBXShellScriptBuildPhase;
			buildActionMask = 2147483647;
			files = (
			);
			inputPaths = (
			);
			name = "[CP] Embed Pods Frameworks";
			outputPaths = (
			);
			runOnlyForDeploymentPostprocessing = 0;
			shellPath = /bin/sh;
			shellScript = "\"${SRCROOT}/Pods/Target Support Files/Pods-CloudAndCamera/Pods-CloudAndCamera-frameworks.sh\"\n";
			showEnvVarsInLog = 0;
		};
/* End PBXShellScriptBuildPhase section */

/* Begin PBXSourcesBuildPhase section */
		AA5736271EE861670076D64A /* Sources */ = {
			isa = PBXSourcesBuildPhase;
			buildActionMask = 2147483647;
			files = (
				AA45E7781EF9CF350079A4E2 /* DAO.swift in Sources */,
				AA9765221EEF2E2500BBC54B /* SignUpVC.swift in Sources */,
				AAB1829B1EF3186D002FB431 /* ShareVC.swift in Sources */,
				AA67907C1EEB41D500369BF4 /* CustomTableViewCell.swift in Sources */,
				AA9765201EEF292000BBC54B /* SignInVC.swift in Sources */,
				AAB1828F1EF1EB68002FB431 /* Config.swift in Sources */,
				AACBCB9A1EE897AA006B80AD /* CollectionVC.swift in Sources */,
				AAB182951EF2D7EA002FB431 /* ProgressHUD.m in Sources */,
				AAB1828D1EF1D992002FB431 /* AuthServices.swift in Sources */,
				AAB182A51EF33631002FB431 /* Comment.swift in Sources */,
				AACBCB9E1EE897DB006B80AD /* LibraryAndCameraVC.swift in Sources */,
				AA3E966A1EE9E7A00094EA9E /* CustomCell.swift in Sources */,
				AA57362F1EE861670076D64A /* AppDelegate.swift in Sources */,
				AACBCB9C1EE897BD006B80AD /* DetailVC.swift in Sources */,
			);
			runOnlyForDeploymentPostprocessing = 0;
		};
/* End PBXSourcesBuildPhase section */

/* Begin PBXVariantGroup section */
		AA5736321EE861670076D64A /* Main.storyboard */ = {
			isa = PBXVariantGroup;
			children = (
				AA5736331EE861670076D64A /* Base */,
			);
			name = Main.storyboard;
			sourceTree = "<group>";
		};
		AA5736371EE861670076D64A /* LaunchScreen.storyboard */ = {
			isa = PBXVariantGroup;
			children = (
				AA5736381EE861670076D64A /* Base */,
			);
			name = LaunchScreen.storyboard;
			sourceTree = "<group>";
		};
		AA9765231EF0377F00BBC54B /* Start.storyboard */ = {
			isa = PBXVariantGroup;
			children = (
				AA9765241EF0377F00BBC54B /* Base */,
			);
			name = Start.storyboard;
			sourceTree = "<group>";
		};
		AA9765281EF03D2700BBC54B /* Camera.storyboard */ = {
			isa = PBXVariantGroup;
			children = (
				AA9765291EF03D2700BBC54B /* Base */,
			);
			name = Camera.storyboard;
			sourceTree = "<group>";
		};
		AAB1829C1EF3244B002FB431 /* Share.storyboard */ = {
			isa = PBXVariantGroup;
			children = (
				AAB1829D1EF3244B002FB431 /* Base */,
			);
			name = Share.storyboard;
			sourceTree = "<group>";
		};
/* End PBXVariantGroup section */

/* Begin XCBuildConfiguration section */
		AA57363B1EE861670076D64A /* Debug */ = {
			isa = XCBuildConfiguration;
			buildSettings = {
				ALWAYS_SEARCH_USER_PATHS = NO;
				CLANG_ANALYZER_NONNULL = YES;
				CLANG_ANALYZER_NUMBER_OBJECT_CONVERSION = YES_AGGRESSIVE;
				CLANG_CXX_LANGUAGE_STANDARD = "gnu++0x";
				CLANG_CXX_LIBRARY = "libc++";
				CLANG_ENABLE_MODULES = YES;
				CLANG_ENABLE_OBJC_ARC = YES;
				CLANG_WARN_BOOL_CONVERSION = YES;
				CLANG_WARN_CONSTANT_CONVERSION = YES;
				CLANG_WARN_DIRECT_OBJC_ISA_USAGE = YES_ERROR;
				CLANG_WARN_DOCUMENTATION_COMMENTS = YES;
				CLANG_WARN_EMPTY_BODY = YES;
				CLANG_WARN_ENUM_CONVERSION = YES;
				CLANG_WARN_INFINITE_RECURSION = YES;
				CLANG_WARN_INT_CONVERSION = YES;
				CLANG_WARN_OBJC_ROOT_CLASS = YES_ERROR;
				CLANG_WARN_SUSPICIOUS_MOVE = YES;
				CLANG_WARN_UNREACHABLE_CODE = YES;
				CLANG_WARN__DUPLICATE_METHOD_MATCH = YES;
				"CODE_SIGN_IDENTITY[sdk=iphoneos*]" = "iPhone Developer";
				COPY_PHASE_STRIP = NO;
				DEBUG_INFORMATION_FORMAT = dwarf;
				ENABLE_STRICT_OBJC_MSGSEND = YES;
				ENABLE_TESTABILITY = YES;
				GCC_C_LANGUAGE_STANDARD = gnu99;
				GCC_DYNAMIC_NO_PIC = NO;
				GCC_NO_COMMON_BLOCKS = YES;
				GCC_OPTIMIZATION_LEVEL = 0;
				GCC_PREPROCESSOR_DEFINITIONS = (
					"DEBUG=1",
					"$(inherited)",
				);
				GCC_WARN_64_TO_32_BIT_CONVERSION = YES;
				GCC_WARN_ABOUT_RETURN_TYPE = YES_ERROR;
				GCC_WARN_UNDECLARED_SELECTOR = YES;
				GCC_WARN_UNINITIALIZED_AUTOS = YES_AGGRESSIVE;
				GCC_WARN_UNUSED_FUNCTION = YES;
				GCC_WARN_UNUSED_VARIABLE = YES;
				IPHONEOS_DEPLOYMENT_TARGET = 10.3;
				MTL_ENABLE_DEBUG_INFO = YES;
				ONLY_ACTIVE_ARCH = YES;
				SDKROOT = iphoneos;
				SWIFT_ACTIVE_COMPILATION_CONDITIONS = DEBUG;
				SWIFT_OPTIMIZATION_LEVEL = "-Onone";
				TARGETED_DEVICE_FAMILY = "1,2";
			};
			name = Debug;
		};
		AA57363C1EE861670076D64A /* Release */ = {
			isa = XCBuildConfiguration;
			buildSettings = {
				ALWAYS_SEARCH_USER_PATHS = NO;
				CLANG_ANALYZER_NONNULL = YES;
				CLANG_ANALYZER_NUMBER_OBJECT_CONVERSION = YES_AGGRESSIVE;
				CLANG_CXX_LANGUAGE_STANDARD = "gnu++0x";
				CLANG_CXX_LIBRARY = "libc++";
				CLANG_ENABLE_MODULES = YES;
				CLANG_ENABLE_OBJC_ARC = YES;
				CLANG_WARN_BOOL_CONVERSION = YES;
				CLANG_WARN_CONSTANT_CONVERSION = YES;
				CLANG_WARN_DIRECT_OBJC_ISA_USAGE = YES_ERROR;
				CLANG_WARN_DOCUMENTATION_COMMENTS = YES;
				CLANG_WARN_EMPTY_BODY = YES;
				CLANG_WARN_ENUM_CONVERSION = YES;
				CLANG_WARN_INFINITE_RECURSION = YES;
				CLANG_WARN_INT_CONVERSION = YES;
				CLANG_WARN_OBJC_ROOT_CLASS = YES_ERROR;
				CLANG_WARN_SUSPICIOUS_MOVE = YES;
				CLANG_WARN_UNREACHABLE_CODE = YES;
				CLANG_WARN__DUPLICATE_METHOD_MATCH = YES;
				"CODE_SIGN_IDENTITY[sdk=iphoneos*]" = "iPhone Developer";
				COPY_PHASE_STRIP = NO;
				DEBUG_INFORMATION_FORMAT = "dwarf-with-dsym";
				ENABLE_NS_ASSERTIONS = NO;
				ENABLE_STRICT_OBJC_MSGSEND = YES;
				GCC_C_LANGUAGE_STANDARD = gnu99;
				GCC_NO_COMMON_BLOCKS = YES;
				GCC_WARN_64_TO_32_BIT_CONVERSION = YES;
				GCC_WARN_ABOUT_RETURN_TYPE = YES_ERROR;
				GCC_WARN_UNDECLARED_SELECTOR = YES;
				GCC_WARN_UNINITIALIZED_AUTOS = YES_AGGRESSIVE;
				GCC_WARN_UNUSED_FUNCTION = YES;
				GCC_WARN_UNUSED_VARIABLE = YES;
				IPHONEOS_DEPLOYMENT_TARGET = 10.3;
				MTL_ENABLE_DEBUG_INFO = NO;
				SDKROOT = iphoneos;
				SWIFT_OPTIMIZATION_LEVEL = "-Owholemodule";
				TARGETED_DEVICE_FAMILY = "1,2";
				VALIDATE_PRODUCT = YES;
			};
			name = Release;
		};
		AA57363E1EE861670076D64A /* Debug */ = {
			isa = XCBuildConfiguration;
			baseConfigurationReference = 32BC334AEBE948F5E81A2DFD /* Pods-CloudAndCamera.debug.xcconfig */;
			buildSettings = {
				ALWAYS_EMBED_SWIFT_STANDARD_LIBRARIES = YES;
				ASSETCATALOG_COMPILER_APPICON_NAME = AppIcon;
				CLANG_ENABLE_MODULES = YES;
				DEVELOPMENT_TEAM = 5P88HHTNS2;
				INFOPLIST_FILE = CloudAndCamera/Info.plist;
				LD_RUNPATH_SEARCH_PATHS = "$(inherited) @executable_path/Frameworks";
				PRODUCT_BUNDLE_IDENTIFIER = TTT.CloudAndCamera;
				PRODUCT_NAME = "$(TARGET_NAME)";
				SWIFT_OBJC_BRIDGING_HEADER = "CloudAndCamera/CloudAndCamera-Bridging-Header.h";
				SWIFT_OPTIMIZATION_LEVEL = "-Onone";
				SWIFT_VERSION = 3.0;
			};
			name = Debug;
		};
		AA57363F1EE861670076D64A /* Release */ = {
			isa = XCBuildConfiguration;
			baseConfigurationReference = 56A9407676418E66944D1A64 /* Pods-CloudAndCamera.release.xcconfig */;
			buildSettings = {
				ALWAYS_EMBED_SWIFT_STANDARD_LIBRARIES = YES;
				ASSETCATALOG_COMPILER_APPICON_NAME = AppIcon;
				CLANG_ENABLE_MODULES = YES;
				DEVELOPMENT_TEAM = 5P88HHTNS2;
				INFOPLIST_FILE = CloudAndCamera/Info.plist;
				LD_RUNPATH_SEARCH_PATHS = "$(inherited) @executable_path/Frameworks";
				PRODUCT_BUNDLE_IDENTIFIER = TTT.CloudAndCamera;
				PRODUCT_NAME = "$(TARGET_NAME)";
				SWIFT_OBJC_BRIDGING_HEADER = "CloudAndCamera/CloudAndCamera-Bridging-Header.h";
				SWIFT_VERSION = 3.0;
			};
			name = Release;
		};
/* End XCBuildConfiguration section */

/* Begin XCConfigurationList section */
		AA5736261EE861670076D64A /* Build configuration list for PBXProject "CloudAndCamera" */ = {
			isa = XCConfigurationList;
			buildConfigurations = (
				AA57363B1EE861670076D64A /* Debug */,
				AA57363C1EE861670076D64A /* Release */,
			);
			defaultConfigurationIsVisible = 0;
			defaultConfigurationName = Release;
		};
		AA57363D1EE861670076D64A /* Build configuration list for PBXNativeTarget "CloudAndCamera" */ = {
			isa = XCConfigurationList;
			buildConfigurations = (
				AA57363E1EE861670076D64A /* Debug */,
				AA57363F1EE861670076D64A /* Release */,
			);
			defaultConfigurationIsVisible = 0;
			defaultConfigurationName = Release;
		};
/* End XCConfigurationList section */
	};
	rootObject = AA5736231EE861670076D64A /* Project object */;
}
